<?xml version="1.0" encoding="utf-8"?>
<Project ToolsVersion="4.0" xmlns="http://schemas.microsoft.com/developer/msbuild/2003">
  <ItemGroup>
    <Filter Include="Source Files">
      <UniqueIdentifier>{4FC737F1-C7A5-4376-A066-2A32D752A2FF}</UniqueIdentifier>
      <Extensions>cpp;c;cc;cxx;c++;def;odl;idl;hpj;bat;asm;asmx</Extensions>
    </Filter>
    <Filter Include="Header Files">
      <UniqueIdentifier>{93995380-89BD-4b04-88EB-625FBE52EBFB}</UniqueIdentifier>
      <Extensions>h;hh;hpp;hxx;h++;hm;inl;inc;ipp;xsd</Extensions>
    </Filter>
    <Filter Include="Resource Files">
      <UniqueIdentifier>{67DA6AB6-F800-4c08-8B7A-83BB121AAD01}</UniqueIdentifier>
      <Extensions>rc;ico;cur;bmp;dlg;rc2;rct;bin;rgs;gif;jpg;jpeg;jpe;resx;tiff;tif;png;wav;mfcribbon-ms</Extensions>
    </Filter>
    <Filter Include="Resource Files\SoundEffects">
      <UniqueIdentifier>{ef1cbde7-e722-4392-8b14-95283569891f}</UniqueIdentifier>
    </Filter>
    <Filter Include="Resource Files\Textures">
      <UniqueIdentifier>{8ca6fcfd-f23f-4595-995d-588a736aab1a}</UniqueIdentifier>
    </Filter>
    <Filter Include="Resource Files\Fonts">
      <UniqueIdentifier>{3970db2e-fcd3-4b18-86f8-5eb593fd31b7}</UniqueIdentifier>
    </Filter>
    <Filter Include="Resource Files\Music">
      <UniqueIdentifier>{02fbe78f-445f-4b98-8f66-142ef6d37215}</UniqueIdentifier>
    </Filter>
  </ItemGroup>
  <ItemGroup>
    <ClCompile Include="Tetris.cpp">
      <Filter>Source Files</Filter>
    </ClCompile>
    <ClCompile Include="Tetranimo.cpp">
      <Filter>Source Files</Filter>
    </ClCompile>
    <ClCompile Include="Board.cpp">
      <Filter>Source Files</Filter>
    </ClCompile>
    <ClCompile Include="Sound.cpp">
      <Filter>Source Files</Filter>
    </ClCompile>
    <ClCompile Include="Animation.cpp">
      <Filter>Source Files</Filter>
    </ClCompile>
    <ClCompile Include="Game.cpp">
      <Filter>Source Files</Filter>
    </ClCompile>
  </ItemGroup>
  <ItemGroup>
    <ClInclude Include="TetrisUtils.h">
      <Filter>Header Files</Filter>
    </ClInclude>
    <ClInclude Include="Gfx.cpp">
      <Filter>Source Files</Filter>
    </ClInclude>
    <ClInclude Include="Tetranimo.h">
      <Filter>Header Files</Filter>
    </ClInclude>
    <ClInclude Include="Board.h">
      <Filter>Header Files</Filter>
    </ClInclude>
    <ClInclude Include="Gfx.h">
      <Filter>Header Files</Filter>
    </ClInclude>
    <ClInclude Include="Animation.h">
      <Filter>Header Files</Filter>
    </ClInclude>
    <ClInclude Include="Game.h">
      <Filter>Header Files</Filter>
    </ClInclude>
    <ClInclude Include="Sound.h">
      <Filter>Header Files</Filter>
    </ClInclude>
  </ItemGroup>
  <ItemGroup>
    <Media Include="SoundEffects\SFX_RowClear.wav">
      <Filter>Resource Files\SoundEffects</Filter>
    </Media>
    <Media Include="SoundEffects\SFX_Double.wav">
      <Filter>Resource Files\SoundEffects</Filter>
    </Media>
    <Media Include="SoundEffects\SFX_Single.wav">
      <Filter>Resource Files\SoundEffects</Filter>
    </Media>
    <Media Include="SoundEffects\SFX_Tetris.wav">
      <Filter>Resource Files\SoundEffects</Filter>
    </Media>
    <Media Include="SoundEffects\SFX_Triple.wav">
      <Filter>Resource Files\SoundEffects</Filter>
    </Media>
    <Media Include="SoundEffects\SFX_HardDrop.wav">
      <Filter>Resource Files\SoundEffects</Filter>
    </Media>
    <Media Include="SoundEffects\SFX_Hold.wav">
      <Filter>Resource Files\SoundEffects</Filter>
    </Media>
    <Media Include="SoundEffects\SFX_Move.wav">
      <Filter>Resource Files\SoundEffects</Filter>
    </Media>
    <Media Include="SoundEffects\SFX_Rotate.wav">
      <Filter>Resource Files\SoundEffects</Filter>
    </Media>
    <Media Include="SoundEffects\SFX_SoftDrop.wav">
      <Filter>Resource Files\SoundEffects</Filter>
    </Media>
    <Media Include="Music\Tetris.mp3">
      <Filter>Resource Files\Music</Filter>
    </Media>
  </ItemGroup>
  <ItemGroup>
    <Image Include="Textures\BGBorder.png">
      <Filter>Resource Files\Textures</Filter>
    </Image>
    <Image Include="Textures\Board_Tile.png">
      <Filter>Resource Files\Textures</Filter>
    </Image>
    <Image Include="Textures\BoardTile2.png">
      <Filter>Resource Files\Textures</Filter>
    </Image>
    <Image Include="Textures\Ghost_Sprites.png">
      <Filter>Resource Files\Textures</Filter>
    </Image>
    <Image Include="Textures\Hold.png">
      <Filter>Resource Files\Textures</Filter>
    </Image>
    <Image Include="Textures\Level.png">
      <Filter>Resource Files\Textures</Filter>
    </Image>
    <Image Include="Textures\next.png">
      <Filter>Resource Files\Textures</Filter>
    </Image>
    <Image Include="Textures\NextSmall.png">
      <Filter>Resource Files\Textures</Filter>
    </Image>
    <Image Include="Textures\Score.png">
      <Filter>Resource Files\Textures</Filter>
    </Image>
    <Image Include="Textures\Tetris_BG.jpg">
      <Filter>Resource Files\Textures</Filter>
    </Image>
    <Image Include="Textures\Tetris_Sprites.png">
      <Filter>Resource Files\Textures</Filter>
    </Image>
    <Image Include="Textures\White_Square.png">
      <Filter>Resource Files\Textures</Filter>
    </Image>
    <Image Include="Textures\Double.png">
      <Filter>Resource Files\Textures</Filter>
    </Image>
    <Image Include="Textures\Single.png">
      <Filter>Resource Files\Textures</Filter>
    </Image>
  </ItemGroup>
  <ItemGroup>
    <Font Include="fonts\ScoreFont.ttf">
      <Filter>Resource Files\Fonts</Filter>
    </Font>
  </ItemGroup>
</Project>